
Microsoft Visual Studio Solution File, Format Version 12.00
# Visual Studio 15
VisualStudioVersion = 15.0.26730.16
MinimumVisualStudioVersion = 10.0.40219.1
Project("{FAE04EC0-301F-11D3-BF4B-00C04F79EFBC}") = "Candidates2", "Candidates2\Candidates2.csproj", "{B975AD48-928E-4F69-B6D8-109CC801D650}"
EndProject
Global
	GlobalSection(SolutionConfigurationPlatforms) = preSolution
		Debug|Any CPU = Debug|Any CPU
		Release|Any CPU = Release|Any CPU
	EndGlobalSection
	GlobalSection(ProjectConfigurationPlatforms) = postSolution
		{B975AD48-928E-4F69-B6D8-109CC801D650}.Debug|Any CPU.ActiveCfg = Debug|Any CPU
		{B975AD48-928E-4F69-B6D8-109CC801D650}.Debug|Any CPU.Build.0 = Debug|Any CPU
		{B975AD48-928E-4F69-B6D8-109CC801D650}.Release|Any CPU.ActiveCfg = Release|Any CPU
		{B975AD48-928E-4F69-B6D8-109CC801D650}.Release|Any CPU.Build.0 = Release|Any CPU
	EndGlobalSection
	GlobalSection(SolutionProperties) = preSolution
		HideSolutionNode = FALSE
	EndGlobalSection
	GlobalSection(ExtensibilityGlobals) = postSolution
		SolutionGuid = {77D17AEC-0CB4-41BC-873F-D392629E7FC8}
	EndGlobalSection
EndGlobal
