
Microsoft Visual Studio Solution File, Format Version 12.00
# Visual Studio 15
VisualStudioVersion = 15.0.26730.16
MinimumVisualStudioVersion = 10.0.40219.1
Project("{FAE04EC0-301F-11D3-BF4B-00C04F79EFBC}") = "smallestInArray", "smallestInArray\smallestInArray.csproj", "{6C1C98B3-F120-42F5-A1A7-00988C5E8B7E}"
EndProject
Global
	GlobalSection(SolutionConfigurationPlatforms) = preSolution
		Debug|Any CPU = Debug|Any CPU
		Release|Any CPU = Release|Any CPU
	EndGlobalSection
	GlobalSection(ProjectConfigurationPlatforms) = postSolution
		{6C1C98B3-F120-42F5-A1A7-00988C5E8B7E}.Debug|Any CPU.ActiveCfg = Debug|Any CPU
		{6C1C98B3-F120-42F5-A1A7-00988C5E8B7E}.Debug|Any CPU.Build.0 = Debug|Any CPU
		{6C1C98B3-F120-42F5-A1A7-00988C5E8B7E}.Release|Any CPU.ActiveCfg = Release|Any CPU
		{6C1C98B3-F120-42F5-A1A7-00988C5E8B7E}.Release|Any CPU.Build.0 = Release|Any CPU
	EndGlobalSection
	GlobalSection(SolutionProperties) = preSolution
		HideSolutionNode = FALSE
	EndGlobalSection
	GlobalSection(ExtensibilityGlobals) = postSolution
		SolutionGuid = {28A3DC65-8A60-4088-AD45-C18ECCE2EE20}
	EndGlobalSection
EndGlobal
